{
  "name": "COMP30022-SDGs-Frontend",
  "lockfileVersion": 3,
  "requires": true,
  "packages": {
    "": {
      "dependencies": {
        "swiper": "^5.4.5"
      }
    },
    "node_modules/dom7": {
      "version": "2.1.5",
      "resolved": "https://registry.npmjs.org/dom7/-/dom7-2.1.5.tgz",
      "integrity": "sha512-xnhwVgyOh3eD++/XGtH+5qBwYTgCm0aW91GFgPJ3XG+jlsRLyJivnbP0QmUBFhI+Oaz9FV0s7cxgXHezwOEBYA==",
      "license": "MIT",
      "dependencies": {
        "ssr-window": "^2.0.0"
      }
    },
    "node_modules/ssr-window": {
      "version": "2.0.0",
      "resolved": "https://registry.npmjs.org/ssr-window/-/ssr-window-2.0.0.tgz",
      "integrity": "sha512-NXzN+/HPObKAx191H3zKlYomE5WrVIkoCB5IaSdvKokxTpjBdWfr0RaP+1Z5KOfDT0ZVz+2tdtiBkhsEQ9p+0A==",
      "license": "MIT"
    },
    "node_modules/swiper": {
      "version": "5.4.5",
      "resolved": "https://registry.npmjs.org/swiper/-/swiper-5.4.5.tgz",
      "integrity": "sha512-7QjA0XpdOmiMoClfaZ2lYN6ICHcMm72LXiY+NF4fQLFidigameaofvpjEEiTQuw3xm5eksG5hzkaRsjQX57vtA==",
      "hasInstallScript": true,
      "license": "MIT",
      "dependencies": {
        "dom7": "^2.1.5",
        "ssr-window": "^2.0.0"
      },
      "engines": {
        "node": ">= 4.7.0"
      },
      "funding": {
        "type": "patreon",
        "url": "https://www.patreon.com/vladimirkharlampidi"
      }
    }
  }
}
